# THIS IS AN AUTOGENERATED FILE. DO NOT EDIT THIS FILE DIRECTLY.
# yarn lockfile v1


"@babel/generator@^7.0.0-beta.55":
  version "7.0.0-beta.55"
  resolved "https://registry.yarnpkg.com/@babel/generator/-/generator-7.0.0-beta.55.tgz#8ec11152dcc398bae35dd181122704415c383a01"
  dependencies:
    "@babel/types" "7.0.0-beta.55"
    jsesc "^2.5.1"
    lodash "^4.17.10"
    source-map "^0.5.0"
    trim-right "^1.0.1"

"@babel/types@7.0.0-beta.55", "@babel/types@^7.0.0-beta.55":
  version "7.0.0-beta.55"
  resolved "https://registry.yarnpkg.com/@babel/types/-/types-7.0.0-beta.55.tgz#7755c9d2e58315a64f05d8cf3322379be16d9199"
  dependencies:
    esutils "^2.0.2"
    lodash "^4.17.10"
    to-fast-properties "^2.0.0"

esutils@^2.0.2:
  version "2.0.2"
  resolved "https://registry.yarnpkg.com/esutils/-/esutils-2.0.2.tgz#0abf4f1caa5bcb1f7a9d8acc6dea4faaa04bac9b"

jsesc@^2.5.1:
  version "2.5.1"
  resolved "https://registry.yarnpkg.com/jsesc/-/jsesc-2.5.1.tgz#e421a2a8e20d6b0819df28908f782526b96dd1fe"

lodash@^4.17.10:
  version "4.17.10"
  resolved "https://registry.yarnpkg.com/lodash/-/lodash-4.17.10.tgz#1b7793cf7259ea38fb3661d4d38b3260af8ae4e7"

source-map@^0.5.0:
  version "0.5.7"
  resolved "https://registry.yarnpkg.com/source-map/-/source-map-0.5.7.tgz#8a039d2d1021d22d1ea14c80d8ea468ba2ef3fcc"

"testcheck@npm:@calebmer/testcheck@1.0.0-rc.5":
  version "1.0.0-rc.5"
  resolved "https://registry.yarnpkg.com/@calebmer/testcheck/-/testcheck-1.0.0-rc.5.tgz#f194b5cb1c37d09df47a75dd7857147b0f09b73c"

to-fast-properties@^2.0.0:
  version "2.0.0"
  resolved "https://registry.yarnpkg.com/to-fast-properties/-/to-fast-properties-2.0.0.tgz#dc5e698cbd079265bc73e0377681a4e4e83f616e"

trim-right@^1.0.1:
  version "1.0.1"
  resolved "https://registry.yarnpkg.com/trim-right/-/trim-right-1.0.1.tgz#cb2e1203067e0c8de1f614094b9fe45704ea6003"
